lockfile_version: '1'
generated_at: '2026-04-28T15:17:52.519882+00:00'
apm_version: 0.9.3
dependencies:
- repo_url: srid/agency
  host: github.com
  resolved_commit: 40c2406d8f277be7b885487f262d133d3b2fb5b5
  resolved_ref: master
  package_type: apm_package
  deployed_files:
  - .opencode/agents/hickey.md
  - .opencode/agents/lowy.md
  - .opencode/skills/code-police
  - .opencode/skills/do
  - .opencode/skills/elegance
  - .opencode/skills/fact-check
  - .opencode/skills/forge-pr
  - .opencode/skills/hickey
  - .opencode/skills/lowy
  - .opencode/skills/ralph
  - .opencode/skills/talk
  deployed_file_hashes:
    .opencode/agents/hickey.md: sha256:edde9b0d3b27b947b7372f662b2e8652d136e0bb9af7924892b00450a1e586bc
    .opencode/agents/lowy.md: sha256:a1c8e5ba115439bcfa0d7e331f96e71b2d690ff2e5fb9b824bb5f588eb43ac75
  content_hash: sha256:e0101fb7b864a1d0c50f5db623fa9bd0028dc0325efdff6ce1599f109a5c7970
